
Microsoft Visual Studio Solution File, Format Version 12.00
# Visual Studio Version 16
VisualStudioVersion = 16.0.30114.105
MinimumVisualStudioVersion = 10.0.40219.1
Project("{FAE04EC0-301F-11D3-BF4B-00C04F79EFBC}") = "Wizkids.Api", "Wizkids.Api\Wizkids.Api.csproj", "{8F679D5E-8E16-4889-9793-69A000446F2E}"
EndProject
Project("{FAE04EC0-301F-11D3-BF4B-00C04F79EFBC}") = "Wizkids.Api.Clients", "Wizkids.Api.Clients\Wizkids.Api.Clients.csproj", "{621EE81B-D36E-42B3-AE5D-FCABD8593FBD}"
EndProject
Project("{FAE04EC0-301F-11D3-BF4B-00C04F79EFBC}") = "Wizkids.Api.DataAccess", "Wizkids.Api.DataAccess\Wizkids.Api.DataAccess.csproj", "{DCD9973F-F6E4-4B5B-BDC4-BEFAC0399BCF}"
EndProject
Global
	GlobalSection(SolutionConfigurationPlatforms) = preSolution
		Debug|Any CPU = Debug|Any CPU
		Release|Any CPU = Release|Any CPU
	EndGlobalSection
	GlobalSection(SolutionProperties) = preSolution
		HideSolutionNode = FALSE
	EndGlobalSection
	GlobalSection(ProjectConfigurationPlatforms) = postSolution
		{8F679D5E-8E16-4889-9793-69A000446F2E}.Debug|Any CPU.ActiveCfg = Debug|Any CPU
		{8F679D5E-8E16-4889-9793-69A000446F2E}.Debug|Any CPU.Build.0 = Debug|Any CPU
		{8F679D5E-8E16-4889-9793-69A000446F2E}.Release|Any CPU.ActiveCfg = Release|Any CPU
		{8F679D5E-8E16-4889-9793-69A000446F2E}.Release|Any CPU.Build.0 = Release|Any CPU
		{621EE81B-D36E-42B3-AE5D-FCABD8593FBD}.Debug|Any CPU.ActiveCfg = Debug|Any CPU
		{621EE81B-D36E-42B3-AE5D-FCABD8593FBD}.Debug|Any CPU.Build.0 = Debug|Any CPU
		{621EE81B-D36E-42B3-AE5D-FCABD8593FBD}.Release|Any CPU.ActiveCfg = Release|Any CPU
		{621EE81B-D36E-42B3-AE5D-FCABD8593FBD}.Release|Any CPU.Build.0 = Release|Any CPU
		{DCD9973F-F6E4-4B5B-BDC4-BEFAC0399BCF}.Debug|Any CPU.ActiveCfg = Debug|Any CPU
		{DCD9973F-F6E4-4B5B-BDC4-BEFAC0399BCF}.Debug|Any CPU.Build.0 = Debug|Any CPU
		{DCD9973F-F6E4-4B5B-BDC4-BEFAC0399BCF}.Release|Any CPU.ActiveCfg = Release|Any CPU
		{DCD9973F-F6E4-4B5B-BDC4-BEFAC0399BCF}.Release|Any CPU.Build.0 = Release|Any CPU
	EndGlobalSection
EndGlobal
